
Microsoft Visual Studio Solution File, Format Version 12.00
Project("{FAE04EC0-301F-11D3-BF4B-00C04F79EFBC}") = "CodeNotion.Academy.OrderScheduling", "CodeNotion.Academy.OrderScheduling\CodeNotion.Academy.OrderScheduling.csproj", "{16327DA5-E19A-4EAA-8DE7-AF303F957006}"
EndProject
Project("{FAE04EC0-301F-11D3-BF4B-00C04F79EFBC}") = "CodeNotion.Academy.OrderScheduling.Tests", "CodeNotion.Academy.OrderScheduling.Tests\CodeNotion.Academy.OrderScheduling.Tests.csproj", "{D3C78702-BC4E-4BAC-B736-5F2E0250C6F6}"
EndProject
Global
	GlobalSection(SolutionConfigurationPlatforms) = preSolution
		Debug|Any CPU = Debug|Any CPU
		Release|Any CPU = Release|Any CPU
	EndGlobalSection
	GlobalSection(ProjectConfigurationPlatforms) = postSolution
		{16327DA5-E19A-4EAA-8DE7-AF303F957006}.Debug|Any CPU.ActiveCfg = Debug|Any CPU
		{16327DA5-E19A-4EAA-8DE7-AF303F957006}.Debug|Any CPU.Build.0 = Debug|Any CPU
		{16327DA5-E19A-4EAA-8DE7-AF303F957006}.Release|Any CPU.ActiveCfg = Release|Any CPU
		{16327DA5-E19A-4EAA-8DE7-AF303F957006}.Release|Any CPU.Build.0 = Release|Any CPU
		{D3C78702-BC4E-4BAC-B736-5F2E0250C6F6}.Debug|Any CPU.ActiveCfg = Debug|Any CPU
		{D3C78702-BC4E-4BAC-B736-5F2E0250C6F6}.Debug|Any CPU.Build.0 = Debug|Any CPU
		{D3C78702-BC4E-4BAC-B736-5F2E0250C6F6}.Release|Any CPU.ActiveCfg = Release|Any CPU
		{D3C78702-BC4E-4BAC-B736-5F2E0250C6F6}.Release|Any CPU.Build.0 = Release|Any CPU
	EndGlobalSection
EndGlobal
